// !$*UTF8*$!
{
	archiveVersion = 1;
	classes = {
	};
	objectVersion = 46;
	objects = {

/* Begin PBXBuildFile section */
		E8A5829A1B9EDB6D006911BF /* main.m in Sources */ = {isa = PBXBuildFile; fileRef = E8A582991B9EDB6D006911BF /* main.m */; };
		E8A5829D1B9EDB6D006911BF /* AppDelegate.m in Sources */ = {isa = PBXBuildFile; fileRef = E8A5829C1B9EDB6D006911BF /* AppDelegate.m */; };
		E8A582A01B9EDB6D006911BF /* ViewController.m in Sources */ = {isa = PBXBuildFile; fileRef = E8A5829F1B9EDB6D006911BF /* ViewController.m */; };
		E8A582A31B9EDB6D006911BF /* Main.storyboard in Resources */ = {isa = PBXBuildFile; fileRef = E8A582A11B9EDB6D006911BF /* Main.storyboard */; };
		E8A582A51B9EDB6D006911BF /* Images.xcassets in Resources */ = {isa = PBXBuildFile; fileRef = E8A582A41B9EDB6D006911BF /* Images.xcassets */; };
		E8A582A81B9EDB6D006911BF /* LaunchScreen.xib in Resources */ = {isa = PBXBuildFile; fileRef = E8A582A61B9EDB6D006911BF /* LaunchScreen.xib */; };
		E8A582B41B9EDB6D006911BF /* gxd_testTests.m in Sources */ = {isa = PBXBuildFile; fileRef = E8A582B31B9EDB6D006911BF /* gxd_testTests.m */; };
/* End PBXBuildFile section */

/* Begin PBXContainerItemProxy section */
		E8A582AE1B9EDB6D006911BF /* PBXContainerItemProxy */ = {
			isa = PBXContainerItemProxy;
			containerPortal = E8A5828C1B9EDB6C006911BF /* Project object */;
			proxyType = 1;
			remoteGlobalIDString = E8A582931B9EDB6D006911BF;
			remoteInfo = "gxd-test";
		};
/* End PBXContainerItemProxy section */

/* Begin PBXFileReference section */
		E8A582941B9EDB6D006911BF /* gxd-test.app */ = {isa = PBXFileReference; explicitFileType = wrapper.application; includeInIndex = 0; path = "gxd-test.app"; sourceTree = BUILT_PRODUCTS_DIR; };
		E8A582981B9EDB6D006911BF /* Info.plist */ = {isa = PBXFileReference; lastKnownFileType = text.plist.xml; path = Info.plist; sourceTree = "<group>"; };
		E8A582991B9EDB6D006911BF /* main.m */ = {isa = PBXFileReference; lastKnownFileType = sourcecode.c.objc; path = main.m; sourceTree = "<group>"; };
		E8A5829B1B9EDB6D006911BF /* AppDelegate.h */ = {isa = PBXFileReference; lastKnownFileType = sourcecode.c.h; path = AppDelegate.h; sourceTree = "<group>"; };
		E8A5829C1B9EDB6D006911BF /* AppDelegate.m */ = {isa = PBXFileReference; lastKnownFileType = sourcecode.c.objc; path = AppDelegate.m; sourceTree = "<group>"; };
		E8A5829E1B9EDB6D006911BF /* ViewController.h */ = {isa = PBXFileReference; lastKnownFileType = sourcecode.c.h; path = ViewController.h; sourceTree = "<group>"; };
		E8A5829F1B9EDB6D006911BF /* ViewController.m */ = {isa = PBXFileReference; lastKnownFileType = sourcecode.c.objc; path = ViewController.m; sourceTree = "<group>"; };
		E8A582A21B9EDB6D006911BF /* Base */ = {isa = PBXFileReference; lastKnownFileType = file.storyboard; name = Base; path = Base.lproj/Main.storyboard; sourceTree = "<group>"; };
		E8A582A41B9EDB6D006911BF /* Images.xcassets */ = {isa = PBXFileReference; lastKnownFileType = folder.assetcatalog; path = Images.xcassets; sourceTree = "<group>"; };
		E8A582A71B9EDB6D006911BF /* Base */ = {isa = PBXFileReference; lastKnownFileType = file.xib; name = Base; path = Base.lproj/LaunchScreen.xib; sourceTree = "<group>"; };
		E8A582AD1B9EDB6D006911BF /* gxd-testTests.xctest */ = {isa = PBXFileReference; explicitFileType = wrapper.cfbundle; includeInIndex = 0; path = "gxd-testTests.xctest"; sourceTree = BUILT_PRODUCTS_DIR; };
		E8A582B21B9EDB6D006911BF /* Info.plist */ = {isa = PBXFileReference; lastKnownFileType = text.plist.xml; path = Info.plist; sourceTree = "<group>"; };
		E8A582B31B9EDB6D006911BF /* gxd_testTests.m */ = {isa = PBXFileReference; lastKnownFileType = sourcecode.c.objc; path = gxd_testTests.m; sourceTree = "<group>"; };
/* End PBXFileReference section */

/* Begin PBXFrameworksBuildPhase section */
		E8A582911B9EDB6D006911BF /* Frameworks */ = {
			isa = PBXFrameworksBuildPhase;
			buildActionMask = 2147483647;
			files = (
			);
			runOnlyForDeploymentPostprocessing = 0;
		};
		E8A582AA1B9EDB6D006911BF /* Frameworks */ = {
			isa = PBXFrameworksBuildPhase;
			buildActionMask = 2147483647;
			files = (
			);
			runOnlyForDeploymentPostprocessing = 0;
		};
/* End PBXFrameworksBuildPhase section */

/* Begin PBXGroup section */
		E8A5828B1B9EDB6C006911BF = {
			isa = PBXGroup;
			children = (
				E8A582961B9EDB6D006911BF /* gxd-test */,
				E8A582B01B9EDB6D006911BF /* gxd-testTests */,
				E8A582951B9EDB6D006911BF /* Products */,
			);
			sourceTree = "<group>";
		};
		E8A582951B9EDB6D006911BF /* Products */ = {
			isa = PBXGroup;
			children = (
				E8A582941B9EDB6D006911BF /* gxd-test.app */,
				E8A582AD1B9EDB6D006911BF /* gxd-testTests.xctest */,
			);
			name = Products;
			sourceTree = "<group>";
		};
		E8A582961B9EDB6D006911BF /* gxd-test */ = {
			isa = PBXGroup;
			children = (
				E8A5829B1B9EDB6D006911BF /* AppDelegate.h */,
				E8A5829C1B9EDB6D006911BF /* AppDelegate.m */,
				E8A5829E1B9EDB6D006911BF /* ViewController.h */,
				E8A5829F1B9EDB6D006911BF /* ViewController.m */,
				E8A582A11B9EDB6D006911BF /* Main.storyboard */,
				E8A582A41B9EDB6D006911BF /* Images.xcassets */,
				E8A582A61B9EDB6D006911BF /* LaunchScreen.xib */,
				E8A582971B9EDB6D006911BF /* Supporting Files */,
			);
			path = "gxd-test";
			sourceTree = "<group>";
		};
		E8A582971B9EDB6D006911BF /* Supporting Files */ = {
			isa = PBXGroup;
			children = (
				E8A582981B9EDB6D006911BF /* Info.plist */,
				E8A582991B9EDB6D006911BF /* main.m */,
			);
			name = "Supporting Files";
			sourceTree = "<group>";
		};
		E8A582B01B9EDB6D006911BF /* gxd-testTests */ = {
			isa = PBXGroup;
			children = (
				E8A582B31B9EDB6D006911BF /* gxd_testTests.m */,
				E8A582B11B9EDB6D006911BF /* Supporting Files */,
			);
			path = "gxd-testTests";
			sourceTree = "<group>";
		};
		E8A582B11B9EDB6D006911BF /* Supporting Files */ = {
			isa = PBXGroup;
			children = (
				E8A582B21B9EDB6D006911BF /* Info.plist */,
			);
			name = "Supporting Files";
			sourceTree = "<group>";
		};
/* End PBXGroup section */

/* Begin PBXNativeTarget section */
		E8A582931B9EDB6D006911BF /* gxd-test */ = {
			isa = PBXNativeTarget;
			buildConfigurationList = E8A582B71B9EDB6D006911BF /* Build configuration list for PBXNativeTarget "gxd-test" */;
			buildPhases = (
				E8A582901B9EDB6D006911BF /* Sources */,
				E8A582911B9EDB6D006911BF /* Frameworks */,
				E8A582921B9EDB6D006911BF /* Resources */,
			);
			buildRules = (
			);
			dependencies = (
			);
			name = "gxd-test";
			productName = "gxd-test";
			productReference = E8A582941B9EDB6D006911BF /* gxd-test.app */;
			productType = "com.apple.product-type.application";
		};
		E8A582AC1B9EDB6D006911BF /* gxd-testTests */ = {
			isa = PBXNativeTarget;
			buildConfigurationList = E8A582BA1B9EDB6D006911BF /* Build configuration list for PBXNativeTarget "gxd-testTests" */;
			buildPhases = (
				E8A582A91B9EDB6D006911BF /* Sources */,
				E8A582AA1B9EDB6D006911BF /* Frameworks */,
				E8A582AB1B9EDB6D006911BF /* Resources */,
			);
			buildRules = (
			);
			dependencies = (
				E8A582AF1B9EDB6D006911BF /* PBXTargetDependency */,
			);
			name = "gxd-testTests";
			productName = "gxd-testTests";
			productReference = E8A582AD1B9EDB6D006911BF /* gxd-testTests.xctest */;
			productType = "com.apple.product-type.bundle.unit-test";
		};
/* End PBXNativeTarget section */

/* Begin PBXProject section */
		E8A5828C1B9EDB6C006911BF /* Project object */ = {
			isa = PBXProject;
			attributes = {
				LastUpgradeCheck = 0630;
				ORGANIZATIONNAME = GXD;
				TargetAttributes = {
					E8A582931B9EDB6D006911BF = {
						CreatedOnToolsVersion = 6.3;
					};
					E8A582AC1B9EDB6D006911BF = {
						CreatedOnToolsVersion = 6.3;
						TestTargetID = E8A582931B9EDB6D006911BF;
					};
				};
			};
			buildConfigurationList = E8A5828F1B9EDB6C006911BF /* Build configuration list for PBXProject "gxd-test" */;
			compatibilityVersion = "Xcode 3.2";
			developmentRegion = English;
			hasScannedForEncodings = 0;
			knownRegions = (
				en,
				Base,
			);
			mainGroup = E8A5828B1B9EDB6C006911BF;
			productRefGroup = E8A582951B9EDB6D006911BF /* Products */;
			projectDirPath = "";
			projectRoot = "";
			targets = (
				E8A582931B9EDB6D006911BF /* gxd-test */,
				E8A582AC1B9EDB6D006911BF /* gxd-testTests */,
			);
		};
/* End PBXProject section */

/* Begin PBXResourcesBuildPhase section */
		E8A582921B9EDB6D006911BF /* Resources */ = {
			isa = PBXResourcesBuildPhase;
			buildActionMask = 2147483647;
			files = (
				E8A582A31B9EDB6D006911BF /* Main.storyboard in Resources */,
				E8A582A81B9EDB6D006911BF /* LaunchScreen.xib in Resources */,
				E8A582A51B9EDB6D006911BF /* Images.xcassets in Resources */,
			);
			runOnlyForDeploymentPostprocessing = 0;
		};
		E8A582AB1B9EDB6D006911BF /* Resources */ = {
			isa = PBXResourcesBuildPhase;
			buildActionMask = 2147483647;
			files = (
			);
			runOnlyForDeploymentPostprocessing = 0;
		};
/* End PBXResourcesBuildPhase section */

/* Begin PBXSourcesBuildPhase section */
		E8A582901B9EDB6D006911BF /* Sources */ = {
			isa = PBXSourcesBuildPhase;
			buildActionMask = 2147483647;
			files = (
				E8A582A01B9EDB6D006911BF /* ViewController.m in Sources */,
				E8A5829D1B9EDB6D006911BF /* AppDelegate.m in Sources */,
				E8A5829A1B9EDB6D006911BF /* main.m in Sources */,
			);
			runOnlyForDeploymentPostprocessing = 0;
		};
		E8A582A91B9EDB6D006911BF /* Sources */ = {
			isa = PBXSourcesBuildPhase;
			buildActionMask = 2147483647;
			files = (
				E8A582B41B9EDB6D006911BF /* gxd_testTests.m in Sources */,
			);
			runOnlyForDeploymentPostprocessing = 0;
		};
/* End PBXSourcesBuildPhase section */

/* Begin PBXTargetDependency section */
		E8A582AF1B9EDB6D006911BF /* PBXTargetDependency */ = {
			isa = PBXTargetDependency;
			target = E8A582931B9EDB6D006911BF /* gxd-test */;
			targetProxy = E8A582AE1B9EDB6D006911BF /* PBXContainerItemProxy */;
		};
/* End PBXTargetDependency section */

/* Begin PBXVariantGroup section */
		E8A582A11B9EDB6D006911BF /* Main.storyboard */ = {
			isa = PBXVariantGroup;
			children = (
				E8A582A21B9EDB6D006911BF /* Base */,
			);
			name = Main.storyboard;
			sourceTree = "<group>";
		};
		E8A582A61B9EDB6D006911BF /* LaunchScreen.xib */ = {
			isa = PBXVariantGroup;
			children = (
				E8A582A71B9EDB6D006911BF /* Base */,
			);
			name = LaunchScreen.xib;
			sourceTree = "<group>";
		};
/* End PBXVariantGroup section */

/* Begin XCBuildConfiguration section */
		E8A582B51B9EDB6D006911BF /* Debug */ = {
			isa = XCBuildConfiguration;
			buildSettings = {
				ALWAYS_SEARCH_USER_PATHS = NO;
				CLANG_CXX_LANGUAGE_STANDARD = "gnu++0x";
				CLANG_CXX_LIBRARY = "libc++";
				CLANG_ENABLE_MODULES = YES;
				CLANG_ENABLE_OBJC_ARC = YES;
				CLANG_WARN_BOOL_CONVERSION = YES;
				CLANG_WARN_CONSTANT_CONVERSION = YES;
				CLANG_WARN_DIRECT_OBJC_ISA_USAGE = YES_ERROR;
				CLANG_WARN_EMPTY_BODY = YES;
				CLANG_WARN_ENUM_CONVERSION = YES;
				CLANG_WARN_INT_CONVERSION = YES;
				CLANG_WARN_OBJC_ROOT_CLASS = YES_ERROR;
				CLANG_WARN_UNREACHABLE_CODE = YES;
				CLANG_WARN__DUPLICATE_METHOD_MATCH = YES;
				"CODE_SIGN_IDENTITY[sdk=iphoneos*]" = "iPhone Developer";
				COPY_PHASE_STRIP = NO;
				DEBUG_INFORMATION_FORMAT = "dwarf-with-dsym";
				ENABLE_STRICT_OBJC_MSGSEND = YES;
				GCC_C_LANGUAGE_STANDARD = gnu99;
				GCC_DYNAMIC_NO_PIC = NO;
				GCC_NO_COMMON_BLOCKS = YES;
				GCC_OPTIMIZATION_LEVEL = 0;
				GCC_PREPROCESSOR_DEFINITIONS = (
					"DEBUG=1",
					"$(inherited)",
				);
				GCC_SYMBOLS_PRIVATE_EXTERN = NO;
				GCC_WARN_64_TO_32_BIT_CONVERSION = YES;
				GCC_WARN_ABOUT_RETURN_TYPE = YES_ERROR;
				GCC_WARN_UNDECLARED_SELECTOR = YES;
				GCC_WARN_UNINITIALIZED_AUTOS = YES_AGGRESSIVE;
				GCC_WARN_UNUSED_FUNCTION = YES;
				GCC_WARN_UNUSED_VARIABLE = YES;
				IPHONEOS_DEPLOYMENT_TARGET = 8.4;
				MTL_ENABLE_DEBUG_INFO = YES;
				ONLY_ACTIVE_ARCH = YES;
				SDKROOT = iphoneos;
				TARGETED_DEVICE_FAMILY = "1,2";
			};
			name = Debug;
		};
		E8A582B61B9EDB6D006911BF /* Release */ = {
			isa = XCBuildConfiguration;
			buildSettings = {
				ALWAYS_SEARCH_USER_PATHS = NO;
				CLANG_CXX_LANGUAGE_STANDARD = "gnu++0x";
				CLANG_CXX_LIBRARY = "libc++";
				CLANG_ENABLE_MODULES = YES;
				CLANG_ENABLE_OBJC_ARC = YES;
				CLANG_WARN_BOOL_CONVERSION = YES;
				CLANG_WARN_CONSTANT_CONVERSION = YES;
				CLANG_WARN_DIRECT_OBJC_ISA_USAGE = YES_ERROR;
				CLANG_WARN_EMPTY_BODY = YES;
				CLANG_WARN_ENUM_CONVERSION = YES;
				CLANG_WARN_INT_CONVERSION = YES;
				CLANG_WARN_OBJC_ROOT_CLASS = YES_ERROR;
				CLANG_WARN_UNREACHABLE_CODE = YES;
				CLANG_WARN__DUPLICATE_METHOD_MATCH = YES;
				"CODE_SIGN_IDENTITY[sdk=iphoneos*]" = "iPhone Developer";
				COPY_PHASE_STRIP = NO;
				DEBUG_INFORMATION_FORMAT = "dwarf-with-dsym";
				ENABLE_NS_ASSERTIONS = NO;
				ENABLE_STRICT_OBJC_MSGSEND = YES;
				GCC_C_LANGUAGE_STANDARD = gnu99;
				GCC_NO_COMMON_BLOCKS = YES;
				GCC_WARN_64_TO_32_BIT_CONVERSION = YES;
				GCC_WARN_ABOUT_RETURN_TYPE = YES_ERROR;
				GCC_WARN_UNDECLARED_SELECTOR = YES;
				GCC_WARN_UNINITIALIZED_AUTOS = YES_AGGRESSIVE;
				GCC_WARN_UNUSED_FUNCTION = YES;
				GCC_WARN_UNUSED_VARIABLE = YES;
				IPHONEOS_DEPLOYMENT_TARGET = 8.4;
				MTL_ENABLE_DEBUG_INFO = NO;
				SDKROOT = iphoneos;
				TARGETED_DEVICE_FAMILY = "1,2";
				VALIDATE_PRODUCT = YES;
			};
			name = Release;
		};
		E8A582B81B9EDB6D006911BF /* Debug */ = {
			isa = XCBuildConfiguration;
			buildSettings = {
				ASSETCATALOG_COMPILER_APPICON_NAME = AppIcon;
				INFOPLIST_FILE = "gxd-test/Info.plist";
				LD_RUNPATH_SEARCH_PATHS = "$(inherited) @executable_path/Frameworks";
				PRODUCT_NAME = "$(TARGET_NAME)";
			};
			name = Debug;
		};
		E8A582B91B9EDB6D006911BF /* Release */ = {
			isa = XCBuildConfiguration;
			buildSettings = {
				ASSETCATALOG_COMPILER_APPICON_NAME = AppIcon;
				INFOPLIST_FILE = "gxd-test/Info.plist";
				LD_RUNPATH_SEARCH_PATHS = "$(inherited) @executable_path/Frameworks";
				PRODUCT_NAME = "$(TARGET_NAME)";
			};
			name = Release;
		};
		E8A582BB1B9EDB6D006911BF /* Debug */ = {
			isa = XCBuildConfiguration;
			buildSettings = {
				BUNDLE_LOADER = "$(TEST_HOST)";
				FRAMEWORK_SEARCH_PATHS = (
					"$(SDKROOT)/Developer/Library/Frameworks",
					"$(inherited)",
				);
				GCC_PREPROCESSOR_DEFINITIONS = (
					"DEBUG=1",
					"$(inherited)",
				);
				INFOPLIST_FILE = "gxd-testTests/Info.plist";
				LD_RUNPATH_SEARCH_PATHS = "$(inherited) @executable_path/Frameworks @loader_path/Frameworks";
				PRODUCT_NAME = "$(TARGET_NAME)";
				TEST_HOST = "$(BUILT_PRODUCTS_DIR)/gxd-test.app/gxd-test";
			};
			name = Debug;
		};
		E8A582BC1B9EDB6D006911BF /* Release */ = {
			isa = XCBuildConfiguration;
			buildSettings = {
				BUNDLE_LOADER = "$(TEST_HOST)";
				FRAMEWORK_SEARCH_PATHS = (
					"$(SDKROOT)/Developer/Library/Frameworks",
					"$(inherited)",
				);
				INFOPLIST_FILE = "gxd-testTests/Info.plist";
				LD_RUNPATH_SEARCH_PATHS = "$(inherited) @executable_path/Frameworks @loader_path/Frameworks";
				PRODUCT_NAME = "$(TARGET_NAME)";
				TEST_HOST = "$(BUILT_PRODUCTS_DIR)/gxd-test.app/gxd-test";
			};
			name = Release;
		};
/* End XCBuildConfiguration section */

/* Begin XCConfigurationList section */
		E8A5828F1B9EDB6C006911BF /* Build configuration list for PBXProject "gxd-test" */ = {
			isa = XCConfigurationList;
			buildConfigurations = (
				E8A582B51B9EDB6D006911BF /* Debug */,
				E8A582B61B9EDB6D006911BF /* Release */,
			);
			defaultConfigurationIsVisible = 0;
			defaultConfigurationName = Release;
		};
		E8A582B71B9EDB6D006911BF /* Build configuration list for PBXNativeTarget "gxd-test" */ = {
			isa = XCConfigurationList;
			buildConfigurations = (
				E8A582B81B9EDB6D006911BF /* Debug */,
				E8A582B91B9EDB6D006911BF /* Release */,
			);
			defaultConfigurationIsVisible = 0;
		};
		E8A582BA1B9EDB6D006911BF /* Build configuration list for PBXNativeTarget "gxd-testTests" */ = {
			isa = XCConfigurationList;
			buildConfigurations = (
				E8A582BB1B9EDB6D006911BF /* Debug */,
				E8A582BC1B9EDB6D006911BF /* Release */,
			);
			defaultConfigurationIsVisible = 0;
		};
/* End XCConfigurationList section */
	};
	rootObject = E8A5828C1B9EDB6C006911BF /* Project object */;
}
